
Microsoft Visual Studio Solution File, Format Version 12.00
# Visual Studio 15
VisualStudioVersion = 15.0.26430.14
MinimumVisualStudioVersion = 10.0.40219.1
Project("{E24C65DC-7377-472B-9ABA-BC803B73C61A}") = "ServisMasasi", "E:\VisualStudioProjects\ServisMasasi\", "{2256B146-78AD-4766-9B2E-18F27E59B07F}"
	ProjectSection(WebsiteProperties) = preProject
		TargetFrameworkMoniker = ".NETFramework,Version%3Dv4.5.2"
		Debug.AspNetCompiler.VirtualPath = "/localhost_51609"
		Debug.AspNetCompiler.PhysicalPath = "E:\VisualStudioProjects\ServisMasasi\"
		Debug.AspNetCompiler.TargetPath = "PrecompiledWeb\localhost_51609\"
		Debug.AspNetCompiler.Updateable = "true"
		Debug.AspNetCompiler.ForceOverwrite = "true"
		Debug.AspNetCompiler.FixedNames = "false"
		Debug.AspNetCompiler.Debug = "True"
		Release.AspNetCompiler.VirtualPath = "/localhost_51609"
		Release.AspNetCompiler.PhysicalPath = "E:\VisualStudioProjects\ServisMasasi\"
		Release.AspNetCompiler.TargetPath = "PrecompiledWeb\localhost_51609\"
		Release.AspNetCompiler.Updateable = "true"
		Release.AspNetCompiler.ForceOverwrite = "true"
		Release.AspNetCompiler.FixedNames = "false"
		Release.AspNetCompiler.Debug = "False"
		VWDPort = "51609"
		SlnRelativePath = "E:\VisualStudioProjects\ServisMasasi\"
		DefaultWebSiteLanguage = "Visual C#"
	EndProjectSection
EndProject
Global
	GlobalSection(SolutionConfigurationPlatforms) = preSolution
		Debug|Any CPU = Debug|Any CPU
	EndGlobalSection
	GlobalSection(ProjectConfigurationPlatforms) = postSolution
		{2256B146-78AD-4766-9B2E-18F27E59B07F}.Debug|Any CPU.ActiveCfg = Debug|Any CPU
		{2256B146-78AD-4766-9B2E-18F27E59B07F}.Debug|Any CPU.Build.0 = Debug|Any CPU
	EndGlobalSection
	GlobalSection(SolutionProperties) = preSolution
		HideSolutionNode = FALSE
	EndGlobalSection
EndGlobal
